{
  "originHash" : "33003927ebb1ebda7aaac2c2a1c85b34157808259514cf286ee05cd565c24f83",
  "pins" : [
    {
      "identity" : "w3w-swift-app-events",
      "kind" : "remoteSourceControl",
      "location" : "https://github.com/w3w-internal/w3w-swift-app-events.git",
      "state" : {
        "branch" : "dev/v5.6.0",
        "revision" : "ce86fe6ef6cdbd007c3bdcd83acec3e200030333"
      }
    },
    {
      "identity" : "w3w-swift-components-map",
      "kind" : "remoteSourceControl",
      "location" : "https://github.com/what3words/w3w-swift-components-map.git",
      "state" : {
        "branch" : "staging",
        "revision" : "1e93fff78daa38e37c76cc0027ae586d16051714"
      }
    },
    {
      "identity" : "w3w-swift-core",
      "kind" : "remoteSourceControl",
      "location" : "https://github.com/what3words/w3w-swift-core.git",
      "state" : {
        "branch" : "staging",
        "revision" : "1e38676bf065d6c3411895fe2c47bab04c56bba0"
      }
    },
    {
      "identity" : "w3w-swift-design",
      "kind" : "remoteSourceControl",
      "location" : "https://github.com/what3words/w3w-swift-design.git",
      "state" : {
        "branch" : "staging",
        "revision" : "959199d993bd946d10a6677ed2bed171f88544d6"
      }
    },
    {
      "identity" : "w3w-swift-themes",
      "kind" : "remoteSourceControl",
      "location" : "https://github.com/what3words/w3w-swift-themes.git",
      "state" : {
        "revision" : "c6249273234f554a452e69ee06d2825d60c7c838",
        "version" : "1.4.0"
      }
    }
  ],
  "version" : 3
}
