{
  "originHash" : "99c82eff3b582324f237033662bc868bf4ad755d3211e468e253fce2eb45f5d7",
  "pins" : [
    {
      "identity" : "w3w-swift-components-map",
      "kind" : "remoteSourceControl",
      "location" : "https://github.com/what3words/w3w-swift-components-map.git",
      "state" : {
        "branch" : "bug/mapscale-issue",
        "revision" : "f49a5a5ed08eb39a9577282f3fb81ccecfe7bcbb"
      }
    },
    {
      "identity" : "w3w-swift-core",
      "kind" : "remoteSourceControl",
      "location" : "https://github.com/what3words/w3w-swift-core.git",
      "state" : {
        "revision" : "7fe8769bfbe105bcf3b05f42aeb8833673780ec1",
        "version" : "1.1.4"
      }
    },
    {
      "identity" : "w3w-swift-design",
      "kind" : "remoteSourceControl",
      "location" : "https://github.com/what3words/w3w-swift-design.git",
      "state" : {
        "revision" : "2495f4f80c1a872264211ac937f71d15d8516490",
        "version" : "1.1.0"
      }
    },
    {
      "identity" : "w3w-swift-themes",
      "kind" : "remoteSourceControl",
      "location" : "https://github.com/what3words/w3w-swift-themes.git",
      "state" : {
        "revision" : "c6249273234f554a452e69ee06d2825d60c7c838",
        "version" : "1.4.0"
      }
    }
  ],
  "version" : 3
}
