{
  "originHash" : "99eb401473e15b93dc9abc60c04c89f797f7bca2dc6d88f506876eec1cad6f4e",
  "pins" : [
    {
      "identity" : "w3w-swift-app-events",
      "kind" : "remoteSourceControl",
      "location" : "git@github.com:w3w-internal/w3w-swift-app-events.git",
      "state" : {
        "revision" : "f9eb5e0ef166e6d056910b37e6516754a657470e",
        "version" : "5.2.0"
      }
    },
    {
      "identity" : "w3w-swift-components-map",
      "kind" : "remoteSourceControl",
      "location" : "git@github.com:what3words/w3w-swift-components-map.git",
      "state" : {
        "branch" : "staging",
        "revision" : "e803019825cf09fdc9f545213cb25fea3bf90ab4"
      }
    },
    {
      "identity" : "w3w-swift-core",
      "kind" : "remoteSourceControl",
      "location" : "https://github.com/what3words/w3w-swift-core.git",
      "state" : {
        "branch" : "staging",
        "revision" : "2bf417d43d6721fbd8b367d4db13cddd5f1fe9ef"
      }
    },
    {
      "identity" : "w3w-swift-design",
      "kind" : "remoteSourceControl",
      "location" : "https://github.com/what3words/w3w-swift-design.git",
      "state" : {
        "branch" : "staging",
        "revision" : "17c18b2152241fa58d8ace51bb0d66de13d2c6bd"
      }
    },
    {
      "identity" : "w3w-swift-themes",
      "kind" : "remoteSourceControl",
      "location" : "https://github.com/what3words/w3w-swift-themes.git",
      "state" : {
        "branch" : "staging",
        "revision" : "95405df4bd0b59ee74b4a8813fe3f5385a08ff3d"
      }
    }
  ],
  "version" : 3
}
